{
  "name": "bony-telegram-bot",
  "version": "0.0.1",
  "lockfileVersion": 1,
  "requires": true,
  "dependencies": {
    "@sindresorhus/is": {
      "version": "0.14.0",
      "resolved": "https://registry.npmjs.org/@sindresorhus/is/-/is-0.14.0.tgz",
      "integrity": "sha512-9NET910DNaIPngYnLLPeg+Ogzqsi9uM4mSboU5y6p8S5DzMTVEsJZrawi+BoDNUVBa2DhJqQYUFvMDfgU062LQ=="
    },
    "@szmarczak/http-timer": {
      "version": "1.1.2",
      "resolved": "https://registry.npmjs.org/@szmarczak/http-timer/-/http-timer-1.1.2.tgz",
      "integrity": "sha512-XIB2XbzHTN6ieIjfIMV9hlVcfPU26s2vafYWQcZHWXHOxiaRZYEDKEwdl129Zyg50+foYV2jCgtrqSA6qNuNSA==",
      "requires": {
        "defer-to-connect": "^1.0.1"
      }
    },
    "axios": {
      "version": "0.19.0",
      "requires": {
        "follow-redirects": "1.5.10",
        "is-buffer": "^2.0.2"
      }
    },
    "bluebird": {
      "version": "3.5.5"
    },
    "cacheable-request": {
      "version": "6.1.0",
      "resolved": "https://registry.npmjs.org/cacheable-request/-/cacheable-request-6.1.0.tgz",
      "integrity": "sha512-Oj3cAGPCqOZX7Rz64Uny2GYAZNliQSqfbePrgAQ1wKAihYmCUnraBtJtKcGR4xz7wF+LoJC+ssFZvv5BgF9Igg==",
      "requires": {
        "clone-response": "^1.0.2",
        "get-stream": "^5.1.0",
        "http-cache-semantics": "^4.0.0",
        "keyv": "^3.0.0",
        "lowercase-keys": "^2.0.0",
        "normalize-url": "^4.1.0",
        "responselike": "^1.0.2"
      },
      "dependencies": {
        "get-stream": {
          "version": "5.1.0",
          "resolved": "https://registry.npmjs.org/get-stream/-/get-stream-5.1.0.tgz",
          "integrity": "sha512-EXr1FOzrzTfGeL0gQdeFEvOMm2mzMOglyiOXSTpPC+iAjAKftbr3jpCMWynogwYnM+eSj9sHGc6wjIcDvYiygw==",
          "requires": {
            "pump": "^3.0.0"
          }
        },
        "lowercase-keys": {
          "version": "2.0.0",
          "resolved": "https://registry.npmjs.org/lowercase-keys/-/lowercase-keys-2.0.0.tgz",
          "integrity": "sha512-tqNXrS78oMOE73NMxK4EMLQsQowWf8jKooH9g7xPavRT706R6bkQJ6DY2Te7QukaZsulxa30wQ7bk0pm4XiHmA=="
        }
      }
    },
    "clone-response": {
      "version": "1.0.2",
      "resolved": "https://registry.npmjs.org/clone-response/-/clone-response-1.0.2.tgz",
      "integrity": "sha1-0dyXOSAxTfZ/vrlCI7TuNQI56Ws=",
      "requires": {
        "mimic-response": "^1.0.0"
      }
    },
    "crypto-news-api": {
      "version": "2.2.2",
      "requires": {
        "bluebird": "^3.5.1",
        "debug": "^3.1.0",
        "node-fetch": "^2.1.2",
        "qs": "^6.5.2",
        "whatwg-fetch": "^2.0.4"
      }
    },
    "decompress-response": {
      "version": "3.3.0",
      "resolved": "https://registry.npmjs.org/decompress-response/-/decompress-response-3.3.0.tgz",
      "integrity": "sha1-gKTdMjdIOEv6JICDYirt7Jgq3/M=",
      "requires": {
        "mimic-response": "^1.0.0"
      }
    },
    "defer-to-connect": {
      "version": "1.0.2",
      "resolved": "https://registry.npmjs.org/defer-to-connect/-/defer-to-connect-1.0.2.tgz",
      "integrity": "sha512-k09hcQcTDY+cwgiwa6PYKLm3jlagNzQ+RSvhjzESOGOx+MNOuXkxTfEvPrO1IOQ81tArCFYQgi631clB70RpQw=="
    },
    "duplexer3": {
      "version": "0.1.4",
      "resolved": "https://registry.npmjs.org/duplexer3/-/duplexer3-0.1.4.tgz",
      "integrity": "sha1-7gHdHKwO08vH/b6jfcCo8c4ALOI="
    },
    "end-of-stream": {
      "version": "1.4.1",
      "resolved": "https://registry.npmjs.org/end-of-stream/-/end-of-stream-1.4.1.tgz",
      "integrity": "sha512-1MkrZNvWTKCaigbn+W15elq2BB/L22nqrSY5DKlo3X6+vclJm8Bb5djXJBmEX6fS3+zCh/F4VBK5Z2KxJt4s2Q==",
      "requires": {
        "once": "^1.4.0"
      }
    },
    "express": {
      "version": "4.17.1",
      "requires": {
        "accepts": "~1.3.7",
        "array-flatten": "1.1.1",
        "body-parser": "1.19.0",
        "content-disposition": "0.5.3",
        "content-type": "~1.0.4",
        "cookie": "0.4.0",
        "cookie-signature": "1.0.6",
        "debug": "2.6.9",
        "depd": "~1.1.2",
        "encodeurl": "~1.0.2",
        "escape-html": "~1.0.3",
        "etag": "~1.8.1",
        "finalhandler": "~1.1.2",
        "fresh": "0.5.2",
        "merge-descriptors": "1.0.1",
        "methods": "~1.1.2",
        "on-finished": "~2.3.0",
        "parseurl": "~1.3.3",
        "path-to-regexp": "0.1.7",
        "proxy-addr": "~2.0.5",
        "qs": "6.7.0",
        "range-parser": "~1.2.1",
        "safe-buffer": "5.1.2",
        "send": "0.17.1",
        "serve-static": "1.14.1",
        "setprototypeof": "1.1.1",
        "statuses": "~1.5.0",
        "type-is": "~1.6.18",
        "utils-merge": "1.0.1",
        "vary": "~1.1.2"
      }
    },
    "get-stream": {
      "version": "4.1.0",
      "resolved": "https://registry.npmjs.org/get-stream/-/get-stream-4.1.0.tgz",
      "integrity": "sha512-GMat4EJ5161kIy2HevLlr4luNjBgvmj413KaQA7jt4V8B4RDsfpHk7WQ9GVqfYyyx8OS/L66Kox+rJRNklLK7w==",
      "requires": {
        "pump": "^3.0.0"
      }
    },
    "got": {
      "version": "9.6.0",
      "resolved": "https://registry.npmjs.org/got/-/got-9.6.0.tgz",
      "integrity": "sha512-R7eWptXuGYxwijs0eV+v3o6+XH1IqVK8dJOEecQfTmkncw9AV4dcw/Dhxi8MdlqPthxxpZyizMzyg8RTmEsG+Q==",
      "requires": {
        "@sindresorhus/is": "^0.14.0",
        "@szmarczak/http-timer": "^1.1.2",
        "cacheable-request": "^6.0.0",
        "decompress-response": "^3.3.0",
        "duplexer3": "^0.1.4",
        "get-stream": "^4.1.0",
        "lowercase-keys": "^1.0.1",
        "mimic-response": "^1.0.1",
        "p-cancelable": "^1.0.0",
        "to-readable-stream": "^1.0.0",
        "url-parse-lax": "^3.0.0"
      }
    },
    "http-cache-semantics": {
      "version": "4.0.3",
      "resolved": "https://registry.npmjs.org/http-cache-semantics/-/http-cache-semantics-4.0.3.tgz",
      "integrity": "sha512-TcIMG3qeVLgDr1TEd2XvHaTnMPwYQUQMIBLy+5pLSDKYFc7UIqj39w8EGzZkaxoLv/l2K8HaI0t5AVA+YYgUew=="
    },
    "json-buffer": {
      "version": "3.0.0",
      "resolved": "https://registry.npmjs.org/json-buffer/-/json-buffer-3.0.0.tgz",
      "integrity": "sha1-Wx85evx11ne96Lz8Dkfh+aPZqJg="
    },
    "keyv": {
      "version": "3.1.0",
      "resolved": "https://registry.npmjs.org/keyv/-/keyv-3.1.0.tgz",
      "integrity": "sha512-9ykJ/46SN/9KPM/sichzQ7OvXyGDYKGTaDlKMGCAlg2UK8KRy4jb0d8sFc+0Tt0YYnThq8X2RZgCg74RPxgcVA==",
      "requires": {
        "json-buffer": "3.0.0"
      }
    },
    "lowercase-keys": {
      "version": "1.0.1",
      "resolved": "https://registry.npmjs.org/lowercase-keys/-/lowercase-keys-1.0.1.tgz",
      "integrity": "sha512-G2Lj61tXDnVFFOi8VZds+SoQjtQC3dgokKdDG2mTm1tx4m50NUHBOZSBwQQHyy0V12A0JTG4icfZQH+xPyh8VA=="
    },
    "mimic-response": {
      "version": "1.0.1",
      "resolved": "https://registry.npmjs.org/mimic-response/-/mimic-response-1.0.1.tgz",
      "integrity": "sha512-j5EctnkH7amfV/q5Hgmoal1g2QHFJRraOtmx0JpIqkxhBhI/lJSl1nMpQ45hVarwNETOoWEimndZ4QK0RHxuxQ=="
    },
    "nedb": {
      "version": "1.8.0",
      "requires": {
        "async": "0.2.10",
        "binary-search-tree": "0.2.5",
        "localforage": "^1.3.0",
        "mkdirp": "~0.5.1",
        "underscore": "~1.4.4"
      }
    },
    "nedb-promises": {
      "version": "3.0.6",
      "requires": {
        "nedb": "^1.8.0"
      }
    },
    "node-fetch": {
      "version": "2.6.0"
    },
    "normalize-url": {
      "version": "4.3.0",
      "resolved": "https://registry.npmjs.org/normalize-url/-/normalize-url-4.3.0.tgz",
      "integrity": "sha512-0NLtR71o4k6GLP+mr6Ty34c5GA6CMoEsncKJxvQd8NzPxaHRJNnb5gZE8R1XF4CPIS7QPHLJ74IFszwtNVAHVQ=="
    },
    "npm": {
      "version": "6.9.2",
      "requires": {
        "JSONStream": "^1.3.5",
        "abbrev": "~1.1.1",
        "ansicolors": "~0.3.2",
        "ansistyles": "~0.1.3",
        "aproba": "^2.0.0",
        "archy": "~1.0.0",
        "bin-links": "^1.1.2",
        "bluebird": "^3.5.3",
        "byte-size": "^5.0.1",
        "cacache": "^11.3.2",
        "call-limit": "~1.1.0",
        "chownr": "^1.1.1",
        "ci-info": "^2.0.0",
        "cli-columns": "^3.1.2",
        "cli-table3": "^0.5.1",
        "cmd-shim": "~2.0.2",
        "columnify": "~1.5.4",
        "config-chain": "^1.1.12",
        "debuglog": "*",
        "detect-indent": "~5.0.0",
        "detect-newline": "^2.1.0",
        "dezalgo": "~1.0.3",
        "editor": "~1.0.0",
        "figgy-pudding": "^3.5.1",
        "find-npm-prefix": "^1.0.2",
        "fs-vacuum": "~1.2.10",
        "fs-write-stream-atomic": "~1.0.10",
        "gentle-fs": "^2.0.1",
        "glob": "^7.1.3",
        "graceful-fs": "^4.1.15",
        "has-unicode": "~2.0.1",
        "hosted-git-info": "^2.7.1",
        "iferr": "^1.0.2",
        "imurmurhash": "*",
        "inflight": "~1.0.6",
        "inherits": "~2.0.3",
        "ini": "^1.3.5",
        "init-package-json": "^1.10.3",
        "is-cidr": "^3.0.0",
        "json-parse-better-errors": "^1.0.2",
        "lazy-property": "~1.0.0",
        "libcipm": "^3.0.3",
        "libnpm": "^2.0.1",
        "libnpmaccess": "*",
        "libnpmhook": "^5.0.2",
        "libnpmorg": "*",
        "libnpmsearch": "*",
        "libnpmteam": "*",
        "libnpx": "^10.2.0",
        "lock-verify": "^2.1.0",
        "lockfile": "^1.0.4",
        "lodash._baseindexof": "*",
        "lodash._baseuniq": "~4.6.0",
        "lodash._bindcallback": "*",
        "lodash._cacheindexof": "*",
        "lodash._createcache": "*",
        "lodash._getnative": "*",
        "lodash.clonedeep": "~4.5.0",
        "lodash.restparam": "*",
        "lodash.union": "~4.6.0",
        "lodash.uniq": "~4.5.0",
        "lodash.without": "~4.4.0",
        "lru-cache": "^4.1.5",
        "meant": "~1.0.1",
        "mississippi": "^3.0.0",
        "mkdirp": "~0.5.1",
        "move-concurrently": "^1.0.1",
        "node-gyp": "^3.8.0",
        "nopt": "~4.0.1",
        "normalize-package-data": "^2.5.0",
        "npm-audit-report": "^1.3.2",
        "npm-cache-filename": "~1.0.2",
        "npm-install-checks": "~3.0.0",
        "npm-lifecycle": "^2.1.0",
        "npm-package-arg": "^6.1.0",
        "npm-packlist": "^1.4.1",
        "npm-pick-manifest": "^2.2.3",
        "npm-profile": "*",
        "npm-registry-fetch": "^3.9.0",
        "npm-user-validate": "~1.0.0",
        "npmlog": "~4.1.2",
        "once": "~1.4.0",
        "opener": "^1.5.1",
        "osenv": "^0.1.5",
        "pacote": "^9.5.0",
        "path-is-inside": "~1.0.2",
        "promise-inflight": "~1.0.1",
        "qrcode-terminal": "^0.12.0",
        "query-string": "^6.4.0",
        "qw": "~1.0.1",
        "read": "~1.0.7",
        "read-cmd-shim": "~1.0.1",
        "read-installed": "~4.0.3",
        "read-package-json": "^2.0.13",
        "read-package-tree": "^5.2.2",
        "readable-stream": "^3.2.0",
        "readdir-scoped-modules": "*",
        "request": "^2.88.0",
        "retry": "^0.12.0",
        "rimraf": "^2.6.3",
        "safe-buffer": "^5.1.2",
        "semver": "^5.6.0",
        "sha": "^3.0.0",
        "slide": "~1.1.6",
        "sorted-object": "~2.0.1",
        "sorted-union-stream": "~2.1.3",
        "ssri": "^6.0.1",
        "stringify-package": "^1.0.0",
        "tar": "^4.4.8",
        "text-table": "~0.2.0",
        "tiny-relative-date": "^1.3.0",
        "uid-number": "0.0.6",
        "umask": "~1.1.0",
        "unique-filename": "^1.1.1",
        "unpipe": "~1.0.0",
        "update-notifier": "^2.5.0",
        "uuid": "^3.3.2",
        "validate-npm-package-license": "^3.0.4",
        "validate-npm-package-name": "~3.0.0",
        "which": "^1.3.1",
        "worker-farm": "^1.6.0",
        "write-file-atomic": "^2.4.2"
      }
    },
    "once": {
      "version": "1.4.0",
      "resolved": "https://registry.npmjs.org/once/-/once-1.4.0.tgz",
      "integrity": "sha1-WDsap3WWHUsROsF9nFC6753Xa9E=",
      "requires": {
        "wrappy": "1"
      }
    },
    "p-cancelable": {
      "version": "1.1.0",
      "resolved": "https://registry.npmjs.org/p-cancelable/-/p-cancelable-1.1.0.tgz",
      "integrity": "sha512-s73XxOZ4zpt1edZYZzvhqFa6uvQc1vwUa0K0BdtIZgQMAJj9IbebH+JkgKZc9h+B05PKHLOTl4ajG1BmNrVZlw=="
    },
    "prepend-http": {
      "version": "2.0.0",
      "resolved": "https://registry.npmjs.org/prepend-http/-/prepend-http-2.0.0.tgz",
      "integrity": "sha1-6SQ0v6XqjBn0HN/UAddBo8gZ2Jc="
    },
    "pump": {
      "version": "3.0.0",
      "resolved": "https://registry.npmjs.org/pump/-/pump-3.0.0.tgz",
      "integrity": "sha512-LwZy+p3SFs1Pytd/jYct4wpv49HiYCqd9Rlc5ZVdk0V+8Yzv6jR5Blk3TRmPL1ft69TxP0IMZGJ+WPFU2BFhww==",
      "requires": {
        "end-of-stream": "^1.1.0",
        "once": "^1.3.1"
      }
    },
    "qs": {
      "version": "6.7.0"
    },
    "regex": {
      "version": "0.1.1",
      "requires": {
        "augment": "3.2.1",
        "jison": "0.4.4",
        "lex": "1.7.4",
        "statemachines": "0.1.0"
      }
    },
    "responselike": {
      "version": "1.0.2",
      "resolved": "https://registry.npmjs.org/responselike/-/responselike-1.0.2.tgz",
      "integrity": "sha1-kYcg7ztjHFZCvgaPFa3lpG9Loec=",
      "requires": {
        "lowercase-keys": "^1.0.0"
      }
    },
    "sqlite3": {
      "version": "4.0.9",
      "requires": {
        "nan": "^2.12.1",
        "node-pre-gyp": "^0.11.0",
        "request": "^2.87.0"
      }
    },
    "telegraf": {
      "version": "3.30.1",
      "requires": {
        "@types/node": "^12.0.4",
        "debug": "^4.0.1",
        "node-fetch": "^2.2.0",
        "sandwich-stream": "^2.0.1",
        "telegram-typings": "^3.6.0"
      }
    },
    "to-readable-stream": {
      "version": "1.0.0",
      "resolved": "https://registry.npmjs.org/to-readable-stream/-/to-readable-stream-1.0.0.tgz",
      "integrity": "sha512-Iq25XBt6zD5npPhlLVXGFN3/gyR2/qODcKNNyTMd4vbm39HUaOiAM4PMq0eMVC/Tkxz+Zjdsc55g9yyz+Yq00Q=="
    },
    "url-parse-lax": {
      "version": "3.0.0",
      "resolved": "https://registry.npmjs.org/url-parse-lax/-/url-parse-lax-3.0.0.tgz",
      "integrity": "sha1-FrXK/Afb42dsGxmZF3gj1lA6yww=",
      "requires": {
        "prepend-http": "^2.0.0"
      }
    },
    "whatwg-fetch": {
      "version": "3.0.0"
    },
    "wrappy": {
      "version": "1.0.2",
      "resolved": "https://registry.npmjs.org/wrappy/-/wrappy-1.0.2.tgz",
      "integrity": "sha1-tSQ9jz7BqjXxNkYFvA0QNuMKtp8="
    }
  }
}
